
Microsoft Visual Studio Solution File, Format Version 12.00
# Visual Studio Version 17
VisualStudioVersion = 17.9.34723.18
MinimumVisualStudioVersion = 10.0.40219.1
Project("{FAE04EC0-301F-11D3-BF4B-00C04F79EFBC}") = "Benchmark", "Benchmark\Benchmark.csproj", "{7A9C17C7-FB59-4D49-BB3D-161AFB6334F7}"
EndProject
Global
	GlobalSection(SolutionConfigurationPlatforms) = preSolution
		Debug|Any CPU = Debug|Any CPU
		Release|Any CPU = Release|Any CPU
	EndGlobalSection
	GlobalSection(ProjectConfigurationPlatforms) = postSolution
		{7A9C17C7-FB59-4D49-BB3D-161AFB6334F7}.Debug|Any CPU.ActiveCfg = Debug|Any CPU
		{7A9C17C7-FB59-4D49-BB3D-161AFB6334F7}.Debug|Any CPU.Build.0 = Debug|Any CPU
		{7A9C17C7-FB59-4D49-BB3D-161AFB6334F7}.Release|Any CPU.ActiveCfg = Release|Any CPU
		{7A9C17C7-FB59-4D49-BB3D-161AFB6334F7}.Release|Any CPU.Build.0 = Release|Any CPU
	EndGlobalSection
	GlobalSection(SolutionProperties) = preSolution
		HideSolutionNode = FALSE
	EndGlobalSection
	GlobalSection(ExtensibilityGlobals) = postSolution
		SolutionGuid = {1783A4A3-6748-4FD6-B9FD-2DA3F02BB15D}
	EndGlobalSection
EndGlobal
